
Microsoft Visual Studio Solution File, Format Version 12.00
# Visual Studio Version 17
VisualStudioVersion = 17.13.35825.156 d17.13
MinimumVisualStudioVersion = 10.0.40219.1
Project("{FAE04EC0-301F-11D3-BF4B-00C04F79EFBC}") = "Teste", "Teste\Teste.csproj", "{8437733C-9ED6-4C60-9219-D26EDE9ADE80}"
EndProject
Global
	GlobalSection(SolutionConfigurationPlatforms) = preSolution
		Debug|Any CPU = Debug|Any CPU
		Release|Any CPU = Release|Any CPU
	EndGlobalSection
	GlobalSection(ProjectConfigurationPlatforms) = postSolution
		{8437733C-9ED6-4C60-9219-D26EDE9ADE80}.Debug|Any CPU.ActiveCfg = Debug|Any CPU
		{8437733C-9ED6-4C60-9219-D26EDE9ADE80}.Debug|Any CPU.Build.0 = Debug|Any CPU
		{8437733C-9ED6-4C60-9219-D26EDE9ADE80}.Release|Any CPU.ActiveCfg = Release|Any CPU
		{8437733C-9ED6-4C60-9219-D26EDE9ADE80}.Release|Any CPU.Build.0 = Release|Any CPU
	EndGlobalSection
	GlobalSection(SolutionProperties) = preSolution
		HideSolutionNode = FALSE
	EndGlobalSection
	GlobalSection(ExtensibilityGlobals) = postSolution
		SolutionGuid = {0D524895-1A42-477E-A2B2-BB9BADD79839}
	EndGlobalSection
EndGlobal
